// !$*UTF8*$!
{
	archiveVersion = 1;
	classes = {
	};
	objectVersion = 48;
	objects = {

/* Begin PBXBuildFile section */
		2738DA90204CB8C3001CD806 /* MemeTableViewCell.swift in Sources */ = {isa = PBXBuildFile; fileRef = 2738DA8F204CB8C3001CD806 /* MemeTableViewCell.swift */; };
		273E76DD2041963E00B2F254 /* ImagePickerDelegate.swift in Sources */ = {isa = PBXBuildFile; fileRef = 273E76DC2041963E00B2F254 /* ImagePickerDelegate.swift */; };
		2788D536204A2ED200EDC557 /* DetailViewController.swift in Sources */ = {isa = PBXBuildFile; fileRef = 2788D535204A2ED200EDC557 /* DetailViewController.swift */; };
		27A27F3F2024048500DC9237 /* AppDelegate.swift in Sources */ = {isa = PBXBuildFile; fileRef = 27A27F3E2024048500DC9237 /* AppDelegate.swift */; };
		27A27F412024048500DC9237 /* ViewController.swift in Sources */ = {isa = PBXBuildFile; fileRef = 27A27F402024048500DC9237 /* ViewController.swift */; };
		27A27F442024048500DC9237 /* Main.storyboard in Resources */ = {isa = PBXBuildFile; fileRef = 27A27F422024048500DC9237 /* Main.storyboard */; };
		27A27F462024048500DC9237 /* Assets.xcassets in Resources */ = {isa = PBXBuildFile; fileRef = 27A27F452024048500DC9237 /* Assets.xcassets */; };
		27A27F492024048500DC9237 /* LaunchScreen.storyboard in Resources */ = {isa = PBXBuildFile; fileRef = 27A27F472024048500DC9237 /* LaunchScreen.storyboard */; };
		27A27F512024E6CF00DC9237 /* TextFieldDelegate.swift in Sources */ = {isa = PBXBuildFile; fileRef = 27A27F502024E6CF00DC9237 /* TextFieldDelegate.swift */; };
		27A27F53202A813500DC9237 /* Meme.swift in Sources */ = {isa = PBXBuildFile; fileRef = 27A27F52202A813500DC9237 /* Meme.swift */; };
		27B4D47A2056E1380021F98A /* MemeTabViewController.swift in Sources */ = {isa = PBXBuildFile; fileRef = 27B4D4792056E1380021F98A /* MemeTabViewController.swift */; };
		27B4D47C2056E1910021F98A /* MemeTabViewExtension.swift in Sources */ = {isa = PBXBuildFile; fileRef = 27B4D47B2056E1910021F98A /* MemeTabViewExtension.swift */; };
		27B4D47E20573DFB0021F98A /* FontViewController.swift in Sources */ = {isa = PBXBuildFile; fileRef = 27B4D47D20573DFB0021F98A /* FontViewController.swift */; };
		27C9FC05204A3B940078ABBC /* MemeCollectionViewCell.swift in Sources */ = {isa = PBXBuildFile; fileRef = 27C9FC04204A3B940078ABBC /* MemeCollectionViewCell.swift */; };
/* End PBXBuildFile section */

/* Begin PBXFileReference section */
		2738DA8F204CB8C3001CD806 /* MemeTableViewCell.swift */ = {isa = PBXFileReference; lastKnownFileType = sourcecode.swift; path = MemeTableViewCell.swift; sourceTree = "<group>"; };
		273E76DC2041963E00B2F254 /* ImagePickerDelegate.swift */ = {isa = PBXFileReference; lastKnownFileType = sourcecode.swift; path = ImagePickerDelegate.swift; sourceTree = "<group>"; };
		2788D535204A2ED200EDC557 /* DetailViewController.swift */ = {isa = PBXFileReference; lastKnownFileType = sourcecode.swift; path = DetailViewController.swift; sourceTree = "<group>"; };
		27A27F3B2024048500DC9237 /* memeMe2.app */ = {isa = PBXFileReference; explicitFileType = wrapper.application; includeInIndex = 0; path = memeMe2.app; sourceTree = BUILT_PRODUCTS_DIR; };
		27A27F3E2024048500DC9237 /* AppDelegate.swift */ = {isa = PBXFileReference; lastKnownFileType = sourcecode.swift; path = AppDelegate.swift; sourceTree = "<group>"; };
		27A27F402024048500DC9237 /* ViewController.swift */ = {isa = PBXFileReference; lastKnownFileType = sourcecode.swift; path = ViewController.swift; sourceTree = "<group>"; };
		27A27F432024048500DC9237 /* Base */ = {isa = PBXFileReference; lastKnownFileType = file.storyboard; name = Base; path = Base.lproj/Main.storyboard; sourceTree = "<group>"; };
		27A27F452024048500DC9237 /* Assets.xcassets */ = {isa = PBXFileReference; lastKnownFileType = folder.assetcatalog; path = Assets.xcassets; sourceTree = "<group>"; };
		27A27F482024048500DC9237 /* Base */ = {isa = PBXFileReference; lastKnownFileType = file.storyboard; name = Base; path = Base.lproj/LaunchScreen.storyboard; sourceTree = "<group>"; };
		27A27F4A2024048500DC9237 /* Info.plist */ = {isa = PBXFileReference; lastKnownFileType = text.plist.xml; path = Info.plist; sourceTree = "<group>"; };
		27A27F502024E6CF00DC9237 /* TextFieldDelegate.swift */ = {isa = PBXFileReference; lastKnownFileType = sourcecode.swift; path = TextFieldDelegate.swift; sourceTree = "<group>"; };
		27A27F52202A813500DC9237 /* Meme.swift */ = {isa = PBXFileReference; lastKnownFileType = sourcecode.swift; path = Meme.swift; sourceTree = "<group>"; };
		27B4D4792056E1380021F98A /* MemeTabViewController.swift */ = {isa = PBXFileReference; lastKnownFileType = sourcecode.swift; path = MemeTabViewController.swift; sourceTree = "<group>"; };
		27B4D47B2056E1910021F98A /* MemeTabViewExtension.swift */ = {isa = PBXFileReference; lastKnownFileType = sourcecode.swift; path = MemeTabViewExtension.swift; sourceTree = "<group>"; };
		27B4D47D20573DFB0021F98A /* FontViewController.swift */ = {isa = PBXFileReference; lastKnownFileType = sourcecode.swift; path = FontViewController.swift; sourceTree = "<group>"; };
		27C9FC04204A3B940078ABBC /* MemeCollectionViewCell.swift */ = {isa = PBXFileReference; lastKnownFileType = sourcecode.swift; path = MemeCollectionViewCell.swift; sourceTree = "<group>"; };
/* End PBXFileReference section */

/* Begin PBXFrameworksBuildPhase section */
		27A27F382024048500DC9237 /* Frameworks */ = {
			isa = PBXFrameworksBuildPhase;
			buildActionMask = 2147483647;
			files = (
			);
			runOnlyForDeploymentPostprocessing = 0;
		};
/* End PBXFrameworksBuildPhase section */

/* Begin PBXGroup section */
		27A27F322024048500DC9237 = {
			isa = PBXGroup;
			children = (
				27A27F3D2024048500DC9237 /* memeMe2 */,
				27A27F3C2024048500DC9237 /* Products */,
			);
			sourceTree = "<group>";
		};
		27A27F3C2024048500DC9237 /* Products */ = {
			isa = PBXGroup;
			children = (
				27A27F3B2024048500DC9237 /* memeMe2.app */,
			);
			name = Products;
			sourceTree = "<group>";
		};
		27A27F3D2024048500DC9237 /* memeMe2 */ = {
			isa = PBXGroup;
			children = (
				27A27F3E2024048500DC9237 /* AppDelegate.swift */,
				27A27F402024048500DC9237 /* ViewController.swift */,
				2738DA8F204CB8C3001CD806 /* MemeTableViewCell.swift */,
				27B4D4792056E1380021F98A /* MemeTabViewController.swift */,
				27B4D47B2056E1910021F98A /* MemeTabViewExtension.swift */,
				27B4D47D20573DFB0021F98A /* FontViewController.swift */,
				27C9FC04204A3B940078ABBC /* MemeCollectionViewCell.swift */,
				2788D535204A2ED200EDC557 /* DetailViewController.swift */,
				273E76DC2041963E00B2F254 /* ImagePickerDelegate.swift */,
				27A27F502024E6CF00DC9237 /* TextFieldDelegate.swift */,
				27A27F52202A813500DC9237 /* Meme.swift */,
				27A27F422024048500DC9237 /* Main.storyboard */,
				27A27F452024048500DC9237 /* Assets.xcassets */,
				27A27F472024048500DC9237 /* LaunchScreen.storyboard */,
				27A27F4A2024048500DC9237 /* Info.plist */,
			);
			path = memeMe2;
			sourceTree = "<group>";
		};
/* End PBXGroup section */

/* Begin PBXNativeTarget section */
		27A27F3A2024048500DC9237 /* memeMe2 */ = {
			isa = PBXNativeTarget;
			buildConfigurationList = 27A27F4D2024048500DC9237 /* Build configuration list for PBXNativeTarget "memeMe2" */;
			buildPhases = (
				27A27F372024048500DC9237 /* Sources */,
				27A27F382024048500DC9237 /* Frameworks */,
				27A27F392024048500DC9237 /* Resources */,
			);
			buildRules = (
			);
			dependencies = (
			);
			name = memeMe2;
			productName = imagePicker;
			productReference = 27A27F3B2024048500DC9237 /* memeMe2.app */;
			productType = "com.apple.product-type.application";
		};
/* End PBXNativeTarget section */

/* Begin PBXProject section */
		27A27F332024048500DC9237 /* Project object */ = {
			isa = PBXProject;
			attributes = {
				LastSwiftUpdateCheck = 0920;
				LastUpgradeCheck = 0920;
				ORGANIZATIONNAME = "Kyle Stokes";
				TargetAttributes = {
					27A27F3A2024048500DC9237 = {
						CreatedOnToolsVersion = 9.2;
						ProvisioningStyle = Automatic;
					};
				};
			};
			buildConfigurationList = 27A27F362024048500DC9237 /* Build configuration list for PBXProject "memeMe2" */;
			compatibilityVersion = "Xcode 8.0";
			developmentRegion = en;
			hasScannedForEncodings = 0;
			knownRegions = (
				en,
				Base,
			);
			mainGroup = 27A27F322024048500DC9237;
			productRefGroup = 27A27F3C2024048500DC9237 /* Products */;
			projectDirPath = "";
			projectRoot = "";
			targets = (
				27A27F3A2024048500DC9237 /* memeMe2 */,
			);
		};
/* End PBXProject section */

/* Begin PBXResourcesBuildPhase section */
		27A27F392024048500DC9237 /* Resources */ = {
			isa = PBXResourcesBuildPhase;
			buildActionMask = 2147483647;
			files = (
				27A27F492024048500DC9237 /* LaunchScreen.storyboard in Resources */,
				27A27F462024048500DC9237 /* Assets.xcassets in Resources */,
				27A27F442024048500DC9237 /* Main.storyboard in Resources */,
			);
			runOnlyForDeploymentPostprocessing = 0;
		};
/* End PBXResourcesBuildPhase section */

/* Begin PBXSourcesBuildPhase section */
		27A27F372024048500DC9237 /* Sources */ = {
			isa = PBXSourcesBuildPhase;
			buildActionMask = 2147483647;
			files = (
				27B4D47A2056E1380021F98A /* MemeTabViewController.swift in Sources */,
				27C9FC05204A3B940078ABBC /* MemeCollectionViewCell.swift in Sources */,
				27A27F412024048500DC9237 /* ViewController.swift in Sources */,
				27A27F53202A813500DC9237 /* Meme.swift in Sources */,
				27A27F3F2024048500DC9237 /* AppDelegate.swift in Sources */,
				2788D536204A2ED200EDC557 /* DetailViewController.swift in Sources */,
				27B4D47C2056E1910021F98A /* MemeTabViewExtension.swift in Sources */,
				2738DA90204CB8C3001CD806 /* MemeTableViewCell.swift in Sources */,
				27A27F512024E6CF00DC9237 /* TextFieldDelegate.swift in Sources */,
				27B4D47E20573DFB0021F98A /* FontViewController.swift in Sources */,
				273E76DD2041963E00B2F254 /* ImagePickerDelegate.swift in Sources */,
			);
			runOnlyForDeploymentPostprocessing = 0;
		};
/* End PBXSourcesBuildPhase section */

/* Begin PBXVariantGroup section */
		27A27F422024048500DC9237 /* Main.storyboard */ = {
			isa = PBXVariantGroup;
			children = (
				27A27F432024048500DC9237 /* Base */,
			);
			name = Main.storyboard;
			sourceTree = "<group>";
		};
		27A27F472024048500DC9237 /* LaunchScreen.storyboard */ = {
			isa = PBXVariantGroup;
			children = (
				27A27F482024048500DC9237 /* Base */,
			);
			name = LaunchScreen.storyboard;
			sourceTree = "<group>";
		};
/* End PBXVariantGroup section */

/* Begin XCBuildConfiguration section */
		27A27F4B2024048500DC9237 /* Debug */ = {
			isa = XCBuildConfiguration;
			buildSettings = {
				ALWAYS_SEARCH_USER_PATHS = NO;
				CLANG_ANALYZER_NONNULL = YES;
				CLANG_ANALYZER_NUMBER_OBJECT_CONVERSION = YES_AGGRESSIVE;
				CLANG_CXX_LANGUAGE_STANDARD = "gnu++14";
				CLANG_CXX_LIBRARY = "libc++";
				CLANG_ENABLE_MODULES = YES;
				CLANG_ENABLE_OBJC_ARC = YES;
				CLANG_WARN_BLOCK_CAPTURE_AUTORELEASING = YES;
				CLANG_WARN_BOOL_CONVERSION = YES;
				CLANG_WARN_COMMA = YES;
				CLANG_WARN_CONSTANT_CONVERSION = YES;
				CLANG_WARN_DIRECT_OBJC_ISA_USAGE = YES_ERROR;
				CLANG_WARN_DOCUMENTATION_COMMENTS = YES;
				CLANG_WARN_EMPTY_BODY = YES;
				CLANG_WARN_ENUM_CONVERSION = YES;
				CLANG_WARN_INFINITE_RECURSION = YES;
				CLANG_WARN_INT_CONVERSION = YES;
				CLANG_WARN_NON_LITERAL_NULL_CONVERSION = YES;
				CLANG_WARN_OBJC_LITERAL_CONVERSION = YES;
				CLANG_WARN_OBJC_ROOT_CLASS = YES_ERROR;
				CLANG_WARN_RANGE_LOOP_ANALYSIS = YES;
				CLANG_WARN_STRICT_PROTOTYPES = YES;
				CLANG_WARN_SUSPICIOUS_MOVE = YES;
				CLANG_WARN_UNGUARDED_AVAILABILITY = YES_AGGRESSIVE;
				CLANG_WARN_UNREACHABLE_CODE = YES;
				CLANG_WARN__DUPLICATE_METHOD_MATCH = YES;
				CODE_SIGN_IDENTITY = "iPhone Developer";
				COPY_PHASE_STRIP = NO;
				DEBUG_INFORMATION_FORMAT = dwarf;
				ENABLE_STRICT_OBJC_MSGSEND = YES;
				ENABLE_TESTABILITY = YES;
				GCC_C_LANGUAGE_STANDARD = gnu11;
				GCC_DYNAMIC_NO_PIC = NO;
				GCC_NO_COMMON_BLOCKS = YES;
				GCC_OPTIMIZATION_LEVEL = 0;
				GCC_PREPROCESSOR_DEFINITIONS = (
					"DEBUG=1",
					"$(inherited)",
				);
				GCC_WARN_64_TO_32_BIT_CONVERSION = YES;
				GCC_WARN_ABOUT_RETURN_TYPE = YES_ERROR;
				GCC_WARN_UNDECLARED_SELECTOR = YES;
				GCC_WARN_UNINITIALIZED_AUTOS = YES_AGGRESSIVE;
				GCC_WARN_UNUSED_FUNCTION = YES;
				GCC_WARN_UNUSED_VARIABLE = YES;
				IPHONEOS_DEPLOYMENT_TARGET = 11.2;
				MTL_ENABLE_DEBUG_INFO = YES;
				ONLY_ACTIVE_ARCH = YES;
				SDKROOT = iphoneos;
				SWIFT_ACTIVE_COMPILATION_CONDITIONS = DEBUG;
				SWIFT_OPTIMIZATION_LEVEL = "-Onone";
			};
			name = Debug;
		};
		27A27F4C2024048500DC9237 /* Release */ = {
			isa = XCBuildConfiguration;
			buildSettings = {
				ALWAYS_SEARCH_USER_PATHS = NO;
				CLANG_ANALYZER_NONNULL = YES;
				CLANG_ANALYZER_NUMBER_OBJECT_CONVERSION = YES_AGGRESSIVE;
				CLANG_CXX_LANGUAGE_STANDARD = "gnu++14";
				CLANG_CXX_LIBRARY = "libc++";
				CLANG_ENABLE_MODULES = YES;
				CLANG_ENABLE_OBJC_ARC = YES;
				CLANG_WARN_BLOCK_CAPTURE_AUTORELEASING = YES;
				CLANG_WARN_BOOL_CONVERSION = YES;
				CLANG_WARN_COMMA = YES;
				CLANG_WARN_CONSTANT_CONVERSION = YES;
				CLANG_WARN_DIRECT_OBJC_ISA_USAGE = YES_ERROR;
				CLANG_WARN_DOCUMENTATION_COMMENTS = YES;
				CLANG_WARN_EMPTY_BODY = YES;
				CLANG_WARN_ENUM_CONVERSION = YES;
				CLANG_WARN_INFINITE_RECURSION = YES;
				CLANG_WARN_INT_CONVERSION = YES;
				CLANG_WARN_NON_LITERAL_NULL_CONVERSION = YES;
				CLANG_WARN_OBJC_LITERAL_CONVERSION = YES;
				CLANG_WARN_OBJC_ROOT_CLASS = YES_ERROR;
				CLANG_WARN_RANGE_LOOP_ANALYSIS = YES;
				CLANG_WARN_STRICT_PROTOTYPES = YES;
				CLANG_WARN_SUSPICIOUS_MOVE = YES;
				CLANG_WARN_UNGUARDED_AVAILABILITY = YES_AGGRESSIVE;
				CLANG_WARN_UNREACHABLE_CODE = YES;
				CLANG_WARN__DUPLICATE_METHOD_MATCH = YES;
				CODE_SIGN_IDENTITY = "iPhone Developer";
				COPY_PHASE_STRIP = NO;
				DEBUG_INFORMATION_FORMAT = "dwarf-with-dsym";
				ENABLE_NS_ASSERTIONS = NO;
				ENABLE_STRICT_OBJC_MSGSEND = YES;
				GCC_C_LANGUAGE_STANDARD = gnu11;
				GCC_NO_COMMON_BLOCKS = YES;
				GCC_WARN_64_TO_32_BIT_CONVERSION = YES;
				GCC_WARN_ABOUT_RETURN_TYPE = YES_ERROR;
				GCC_WARN_UNDECLARED_SELECTOR = YES;
				GCC_WARN_UNINITIALIZED_AUTOS = YES_AGGRESSIVE;
				GCC_WARN_UNUSED_FUNCTION = YES;
				GCC_WARN_UNUSED_VARIABLE = YES;
				IPHONEOS_DEPLOYMENT_TARGET = 11.2;
				MTL_ENABLE_DEBUG_INFO = NO;
				SDKROOT = iphoneos;
				SWIFT_OPTIMIZATION_LEVEL = "-Owholemodule";
				VALIDATE_PRODUCT = YES;
			};
			name = Release;
		};
		27A27F4E2024048500DC9237 /* Debug */ = {
			isa = XCBuildConfiguration;
			buildSettings = {
				ASSETCATALOG_COMPILER_APPICON_NAME = AppIcon;
				CODE_SIGN_STYLE = Automatic;
				DEVELOPMENT_TEAM = 7TH488PB2F;
				INFOPLIST_FILE = "$(SRCROOT)/memeMe2/Info.plist";
				LD_RUNPATH_SEARCH_PATHS = "$(inherited) @executable_path/Frameworks";
				PRODUCT_BUNDLE_IDENTIFIER = io.kylestokes.memeMe2;
				PRODUCT_NAME = "$(TARGET_NAME)";
				SWIFT_VERSION = 4.0;
				TARGETED_DEVICE_FAMILY = "1,2";
			};
			name = Debug;
		};
		27A27F4F2024048500DC9237 /* Release */ = {
			isa = XCBuildConfiguration;
			buildSettings = {
				ASSETCATALOG_COMPILER_APPICON_NAME = AppIcon;
				CODE_SIGN_STYLE = Automatic;
				DEVELOPMENT_TEAM = 7TH488PB2F;
				INFOPLIST_FILE = "$(SRCROOT)/memeMe2/Info.plist";
				LD_RUNPATH_SEARCH_PATHS = "$(inherited) @executable_path/Frameworks";
				PRODUCT_BUNDLE_IDENTIFIER = io.kylestokes.memeMe2;
				PRODUCT_NAME = "$(TARGET_NAME)";
				SWIFT_VERSION = 4.0;
				TARGETED_DEVICE_FAMILY = "1,2";
			};
			name = Release;
		};
/* End XCBuildConfiguration section */

/* Begin XCConfigurationList section */
		27A27F362024048500DC9237 /* Build configuration list for PBXProject "memeMe2" */ = {
			isa = XCConfigurationList;
			buildConfigurations = (
				27A27F4B2024048500DC9237 /* Debug */,
				27A27F4C2024048500DC9237 /* Release */,
			);
			defaultConfigurationIsVisible = 0;
			defaultConfigurationName = Release;
		};
		27A27F4D2024048500DC9237 /* Build configuration list for PBXNativeTarget "memeMe2" */ = {
			isa = XCConfigurationList;
			buildConfigurations = (
				27A27F4E2024048500DC9237 /* Debug */,
				27A27F4F2024048500DC9237 /* Release */,
			);
			defaultConfigurationIsVisible = 0;
			defaultConfigurationName = Release;
		};
/* End XCConfigurationList section */
	};
	rootObject = 27A27F332024048500DC9237 /* Project object */;
}
